
Microsoft Visual Studio Solution File, Format Version 12.00
# Visual Studio Version 17
VisualStudioVersion = 17.0.31903.59
MinimumVisualStudioVersion = 10.0.40219.1
Project("{9A19103F-16F7-4668-BE54-9A1E7A4F7556}") = "CityRide.DriverConsoleApp.Client", "CityRide.DriverConsoleApp.Client\CityRide.DriverConsoleApp.Client.csproj", "{4F4E7F84-8B07-409B-B3C3-7E580EDA74B4}"
EndProject
Global
	GlobalSection(SolutionConfigurationPlatforms) = preSolution
		Debug|Any CPU = Debug|Any CPU
		Release|Any CPU = Release|Any CPU
	EndGlobalSection
	GlobalSection(ProjectConfigurationPlatforms) = postSolution
		{4F4E7F84-8B07-409B-B3C3-7E580EDA74B4}.Debug|Any CPU.ActiveCfg = Debug|Any CPU
		{4F4E7F84-8B07-409B-B3C3-7E580EDA74B4}.Debug|Any CPU.Build.0 = Debug|Any CPU
		{4F4E7F84-8B07-409B-B3C3-7E580EDA74B4}.Release|Any CPU.ActiveCfg = Release|Any CPU
		{4F4E7F84-8B07-409B-B3C3-7E580EDA74B4}.Release|Any CPU.Build.0 = Release|Any CPU
	EndGlobalSection
	GlobalSection(SolutionProperties) = preSolution
		HideSolutionNode = FALSE
	EndGlobalSection
	GlobalSection(ExtensibilityGlobals) = postSolution
		SolutionGuid = {3AB6DA14-0E33-4001-9581-A2FF574BFEE3}
	EndGlobalSection
EndGlobal
