
Microsoft Visual Studio Solution File, Format Version 12.00
Project("{FAE04EC0-301F-11D3-BF4B-00C04F79EFBC}") = "ClientConsoleApp", "ClientConsoleApp\ClientConsoleApp.csproj", "{AC846DA0-D4A9-4FDD-AB3B-10E2B6F6CBC9}"
EndProject
Global
	GlobalSection(SolutionConfigurationPlatforms) = preSolution
		Debug|Any CPU = Debug|Any CPU
		Release|Any CPU = Release|Any CPU
	EndGlobalSection
	GlobalSection(ProjectConfigurationPlatforms) = postSolution
		{AC846DA0-D4A9-4FDD-AB3B-10E2B6F6CBC9}.Debug|Any CPU.ActiveCfg = Debug|Any CPU
		{AC846DA0-D4A9-4FDD-AB3B-10E2B6F6CBC9}.Debug|Any CPU.Build.0 = Debug|Any CPU
		{AC846DA0-D4A9-4FDD-AB3B-10E2B6F6CBC9}.Release|Any CPU.ActiveCfg = Release|Any CPU
		{AC846DA0-D4A9-4FDD-AB3B-10E2B6F6CBC9}.Release|Any CPU.Build.0 = Release|Any CPU
	EndGlobalSection
EndGlobal
